{
  "name": "simple-chrome-ycb",
  "lockfileVersion": 3,
  "requires": true,
  "packages": {
    "": {
      "dependencies": {
        "@meilisearch/instant-meilisearch": "^0.26.0",
        "instantsearch.css": "^8.5.1",
        "react-instantsearch": "^7.15.8"
      }
    },
    "node_modules/@algolia/client-abtesting": {
      "version": "5.25.0",
      "resolved": "https://registry.npmjs.org/@algolia/client-abtesting/-/client-abtesting-5.25.0.tgz",
      "integrity": "sha512-1pfQulNUYNf1Tk/svbfjfkLBS36zsuph6m+B6gDkPEivFmso/XnRgwDvjAx80WNtiHnmeNjIXdF7Gos8+OLHqQ==",
      "license": "MIT",
      "peer": true,
      "dependencies": {
        "@algolia/client-common": "5.25.0",
        "@algolia/requester-browser-xhr": "5.25.0",
        "@algolia/requester-fetch": "5.25.0",
        "@algolia/requester-node-http": "5.25.0"
      },
      "engines": {
        "node": ">= 14.0.0"
      }
    },
    "node_modules/@algolia/client-analytics": {
      "version": "5.25.0",
      "resolved": "https://registry.npmjs.org/@algolia/client-analytics/-/client-analytics-5.25.0.tgz",
      "integrity": "sha512-AFbG6VDJX/o2vDd9hqncj1B6B4Tulk61mY0pzTtzKClyTDlNP0xaUiEKhl6E7KO9I/x0FJF5tDCm0Hn6v5x18A==",
      "license": "MIT",
      "peer": true,
      "dependencies": {
        "@algolia/client-common": "5.25.0",
        "@algolia/requester-browser-xhr": "5.25.0",
        "@algolia/requester-fetch": "5.25.0",
        "@algolia/requester-node-http": "5.25.0"
      },
      "engines": {
        "node": ">= 14.0.0"
      }
    },
    "node_modules/@algolia/client-common": {
      "version": "5.25.0",
      "resolved": "https://registry.npmjs.org/@algolia/client-common/-/client-common-5.25.0.tgz",
      "integrity": "sha512-il1zS/+Rc6la6RaCdSZ2YbJnkQC6W1wiBO8+SH+DE6CPMWBU6iDVzH0sCKSAtMWl9WBxoN6MhNjGBnCv9Yy2bA==",
      "license": "MIT",
      "peer": true,
      "engines": {
        "node": ">= 14.0.0"
      }
    },
    "node_modules/@algolia/client-insights": {
      "version": "5.25.0",
      "resolved": "https://registry.npmjs.org/@algolia/client-insights/-/client-insights-5.25.0.tgz",
      "integrity": "sha512-blbjrUH1siZNfyCGeq0iLQu00w3a4fBXm0WRIM0V8alcAPo7rWjLbMJMrfBtzL9X5ic6wgxVpDADXduGtdrnkw==",
      "license": "MIT",
      "peer": true,
      "dependencies": {
        "@algolia/client-common": "5.25.0",
        "@algolia/requester-browser-xhr": "5.25.0",
        "@algolia/requester-fetch": "5.25.0",
        "@algolia/requester-node-http": "5.25.0"
      },
      "engines": {
        "node": ">= 14.0.0"
      }
    },
    "node_modules/@algolia/client-personalization": {
      "version": "5.25.0",
      "resolved": "https://registry.npmjs.org/@algolia/client-personalization/-/client-personalization-5.25.0.tgz",
      "integrity": "sha512-aywoEuu1NxChBcHZ1pWaat0Plw7A8jDMwjgRJ00Mcl7wGlwuPt5dJ/LTNcg3McsEUbs2MBNmw0ignXBw9Tbgow==",
      "license": "MIT",
      "peer": true,
      "dependencies": {
        "@algolia/client-common": "5.25.0",
        "@algolia/requester-browser-xhr": "5.25.0",
        "@algolia/requester-fetch": "5.25.0",
        "@algolia/requester-node-http": "5.25.0"
      },
      "engines": {
        "node": ">= 14.0.0"
      }
    },
    "node_modules/@algolia/client-query-suggestions": {
      "version": "5.25.0",
      "resolved": "https://registry.npmjs.org/@algolia/client-query-suggestions/-/client-query-suggestions-5.25.0.tgz",
      "integrity": "sha512-a/W2z6XWKjKjIW1QQQV8PTTj1TXtaKx79uR3NGBdBdGvVdt24KzGAaN7sCr5oP8DW4D3cJt44wp2OY/fZcPAVA==",
      "license": "MIT",
      "peer": true,
      "dependencies": {
        "@algolia/client-common": "5.25.0",
        "@algolia/requester-browser-xhr": "5.25.0",
        "@algolia/requester-fetch": "5.25.0",
        "@algolia/requester-node-http": "5.25.0"
      },
      "engines": {
        "node": ">= 14.0.0"
      }
    },
    "node_modules/@algolia/client-search": {
      "version": "5.25.0",
      "resolved": "https://registry.npmjs.org/@algolia/client-search/-/client-search-5.25.0.tgz",
      "integrity": "sha512-9rUYcMIBOrCtYiLX49djyzxqdK9Dya/6Z/8sebPn94BekT+KLOpaZCuc6s0Fpfq7nx5J6YY5LIVFQrtioK9u0g==",
      "license": "MIT",
      "peer": true,
      "dependencies": {
        "@algolia/client-common": "5.25.0",
        "@algolia/requester-browser-xhr": "5.25.0",
        "@algolia/requester-fetch": "5.25.0",
        "@algolia/requester-node-http": "5.25.0"
      },
      "engines": {
        "node": ">= 14.0.0"
      }
    },
    "node_modules/@algolia/events": {
      "version": "4.0.1",
      "resolved": "https://registry.npmjs.org/@algolia/events/-/events-4.0.1.tgz",
      "integrity": "sha512-FQzvOCgoFXAbf5Y6mYozw2aj5KCJoA3m4heImceldzPSMbdyS4atVjJzXKMsfX3wnZTFYwkkt8/z8UesLHlSBQ==",
      "license": "MIT"
    },
    "node_modules/@algolia/ingestion": {
      "version": "1.25.0",
      "resolved": "https://registry.npmjs.org/@algolia/ingestion/-/ingestion-1.25.0.tgz",
      "integrity": "sha512-jJeH/Hk+k17Vkokf02lkfYE4A+EJX+UgnMhTLR/Mb+d1ya5WhE+po8p5a/Nxb6lo9OLCRl6w3Hmk1TX1e9gVbQ==",
      "license": "MIT",
      "peer": true,
      "dependencies": {
        "@algolia/client-common": "5.25.0",
        "@algolia/requester-browser-xhr": "5.25.0",
        "@algolia/requester-fetch": "5.25.0",
        "@algolia/requester-node-http": "5.25.0"
      },
      "engines": {
        "node": ">= 14.0.0"
      }
    },
    "node_modules/@algolia/monitoring": {
      "version": "1.25.0",
      "resolved": "https://registry.npmjs.org/@algolia/monitoring/-/monitoring-1.25.0.tgz",
      "integrity": "sha512-Ls3i1AehJ0C6xaHe7kK9vPmzImOn5zBg7Kzj8tRYIcmCWVyuuFwCIsbuIIz/qzUf1FPSWmw0TZrGeTumk2fqXg==",
      "license": "MIT",
      "peer": true,
      "dependencies": {
        "@algolia/client-common": "5.25.0",
        "@algolia/requester-browser-xhr": "5.25.0",
        "@algolia/requester-fetch": "5.25.0",
        "@algolia/requester-node-http": "5.25.0"
      },
      "engines": {
        "node": ">= 14.0.0"
      }
    },
    "node_modules/@algolia/recommend": {
      "version": "5.25.0",
      "resolved": "https://registry.npmjs.org/@algolia/recommend/-/recommend-5.25.0.tgz",
      "integrity": "sha512-79sMdHpiRLXVxSjgw7Pt4R1aNUHxFLHiaTDnN2MQjHwJ1+o3wSseb55T9VXU4kqy3m7TUme3pyRhLk5ip/S4Mw==",
      "license": "MIT",
      "peer": true,
      "dependencies": {
        "@algolia/client-common": "5.25.0",
        "@algolia/requester-browser-xhr": "5.25.0",
        "@algolia/requester-fetch": "5.25.0",
        "@algolia/requester-node-http": "5.25.0"
      },
      "engines": {
        "node": ">= 14.0.0"
      }
    },
    "node_modules/@algolia/requester-browser-xhr": {
      "version": "5.25.0",
      "resolved": "https://registry.npmjs.org/@algolia/requester-browser-xhr/-/requester-browser-xhr-5.25.0.tgz",
      "integrity": "sha512-JLaF23p1SOPBmfEqozUAgKHQrGl3z/Z5RHbggBu6s07QqXXcazEsub5VLonCxGVqTv6a61AAPr8J1G5HgGGjEw==",
      "license": "MIT",
      "peer": true,
      "dependencies": {
        "@algolia/client-common": "5.25.0"
      },
      "engines": {
        "node": ">= 14.0.0"
      }
    },
    "node_modules/@algolia/requester-fetch": {
      "version": "5.25.0",
      "resolved": "https://registry.npmjs.org/@algolia/requester-fetch/-/requester-fetch-5.25.0.tgz",
      "integrity": "sha512-rtzXwqzFi1edkOF6sXxq+HhmRKDy7tz84u0o5t1fXwz0cwx+cjpmxu/6OQKTdOJFS92JUYHsG51Iunie7xbqfQ==",
      "license": "MIT",
      "peer": true,
      "dependencies": {
        "@algolia/client-common": "5.25.0"
      },
      "engines": {
        "node": ">= 14.0.0"
      }
    },
    "node_modules/@algolia/requester-node-http": {
      "version": "5.25.0",
      "resolved": "https://registry.npmjs.org/@algolia/requester-node-http/-/requester-node-http-5.25.0.tgz",
      "integrity": "sha512-ZO0UKvDyEFvyeJQX0gmZDQEvhLZ2X10K+ps6hViMo1HgE2V8em00SwNsQ+7E/52a+YiBkVWX61pJJJE44juDMQ==",
      "license": "MIT",
      "peer": true,
      "dependencies": {
        "@algolia/client-common": "5.25.0"
      },
      "engines": {
        "node": ">= 14.0.0"
      }
    },
    "node_modules/@babel/runtime": {
      "version": "7.27.4",
      "resolved": "https://registry.npmjs.org/@babel/runtime/-/runtime-7.27.4.tgz",
      "integrity": "sha512-t3yaEOuGu9NlIZ+hIeGbBjFtZT7j2cb2tg0fuaJKeGotchRjjLfrBA9Kwf8quhpP1EUuxModQg04q/mBwyg8uA==",
      "license": "MIT",
      "engines": {
        "node": ">=6.9.0"
      }
    },
    "node_modules/@meilisearch/instant-meilisearch": {
      "version": "0.26.0",
      "resolved": "https://registry.npmjs.org/@meilisearch/instant-meilisearch/-/instant-meilisearch-0.26.0.tgz",
      "integrity": "sha512-b3Blox8xE0nwn23FteCqOJWyQKFL4lgYjjtwKAbHGXxSHshvmWlhvPv+HuNOKk8MFF878hUSwddHg5zFgbU4Pw==",
      "license": "MIT",
      "dependencies": {
        "meilisearch": "0.50"
      }
    },
    "node_modules/@types/dom-speech-recognition": {
      "version": "0.0.1",
      "resolved": "https://registry.npmjs.org/@types/dom-speech-recognition/-/dom-speech-recognition-0.0.1.tgz",
      "integrity": "sha512-udCxb8DvjcDKfk1WTBzDsxFbLgYxmQGKrE/ricoMqHRNjSlSUCcamVTA5lIQqzY10mY5qCY0QDwBfFEwhfoDPw==",
      "license": "MIT"
    },
    "node_modules/@types/google.maps": {
      "version": "3.58.1",
      "resolved": "https://registry.npmjs.org/@types/google.maps/-/google.maps-3.58.1.tgz",
      "integrity": "sha512-X9QTSvGJ0nCfMzYOnaVs/k6/4L+7F5uCS+4iUmkLEls6J9S/Phv+m/i3mDeyc49ZBgwab3EFO1HEoBY7k98EGQ==",
      "license": "MIT"
    },
    "node_modules/@types/hogan.js": {
      "version": "3.0.5",
      "resolved": "https://registry.npmjs.org/@types/hogan.js/-/hogan.js-3.0.5.tgz",
      "integrity": "sha512-/uRaY3HGPWyLqOyhgvW9Aa43BNnLZrNeQxl2p8wqId4UHMfPKolSB+U7BlZyO1ng7MkLnyEAItsBzCG0SDhqrA==",
      "license": "MIT"
    },
    "node_modules/@types/qs": {
      "version": "6.14.0",
      "resolved": "https://registry.npmjs.org/@types/qs/-/qs-6.14.0.tgz",
      "integrity": "sha512-eOunJqu0K1923aExK6y8p6fsihYEn/BYuQ4g0CxAAgFc4b/ZLN4CrsRZ55srTdqoiLzU2B2evC+apEIxprEzkQ==",
      "license": "MIT"
    },
    "node_modules/abbrev": {
      "version": "1.1.1",
      "resolved": "https://registry.npmjs.org/abbrev/-/abbrev-1.1.1.tgz",
      "integrity": "sha512-nne9/IiQ/hzIhY6pdDnbBtz7DjPTKrY00P/zvPSm5pOFkl6xuGrGnXn/VtTNNfNtAfZ9/1RtehkszU9qcTii0Q==",
      "license": "ISC"
    },
    "node_modules/algoliasearch": {
      "version": "5.25.0",
      "resolved": "https://registry.npmjs.org/algoliasearch/-/algoliasearch-5.25.0.tgz",
      "integrity": "sha512-n73BVorL4HIwKlfJKb4SEzAYkR3Buwfwbh+MYxg2mloFph2fFGV58E90QTzdbfzWrLn4HE5Czx/WTjI8fcHaMg==",
      "license": "MIT",
      "peer": true,
      "dependencies": {
        "@algolia/client-abtesting": "5.25.0",
        "@algolia/client-analytics": "5.25.0",
        "@algolia/client-common": "5.25.0",
        "@algolia/client-insights": "5.25.0",
        "@algolia/client-personalization": "5.25.0",
        "@algolia/client-query-suggestions": "5.25.0",
        "@algolia/client-search": "5.25.0",
        "@algolia/ingestion": "1.25.0",
        "@algolia/monitoring": "1.25.0",
        "@algolia/recommend": "5.25.0",
        "@algolia/requester-browser-xhr": "5.25.0",
        "@algolia/requester-fetch": "5.25.0",
        "@algolia/requester-node-http": "5.25.0"
      },
      "engines": {
        "node": ">= 14.0.0"
      }
    },
    "node_modules/algoliasearch-helper": {
      "version": "3.25.0",
      "resolved": "https://registry.npmjs.org/algoliasearch-helper/-/algoliasearch-helper-3.25.0.tgz",
      "integrity": "sha512-vQoK43U6HXA9/euCqLjvyNdM4G2Fiu/VFp4ae0Gau9sZeIKBPvUPnXfLYAe65Bg7PFuw03coeu5K6lTPSXRObw==",
      "license": "MIT",
      "dependencies": {
        "@algolia/events": "^4.0.1"
      },
      "peerDependencies": {
        "algoliasearch": ">= 3.1 < 6"
      }
    },
    "node_modules/hogan.js": {
      "version": "3.0.2",
      "resolved": "https://registry.npmjs.org/hogan.js/-/hogan.js-3.0.2.tgz",
      "integrity": "sha512-RqGs4wavGYJWE07t35JQccByczmNUXQT0E12ZYV1VKYu5UiAU9lsos/yBAcf840+zrUQQxgVduCR5/B8nNtibg==",
      "dependencies": {
        "mkdirp": "0.3.0",
        "nopt": "1.0.10"
      },
      "bin": {
        "hulk": "bin/hulk"
      }
    },
    "node_modules/htm": {
      "version": "3.1.1",
      "resolved": "https://registry.npmjs.org/htm/-/htm-3.1.1.tgz",
      "integrity": "sha512-983Vyg8NwUE7JkZ6NmOqpCZ+sh1bKv2iYTlUkzlWmA5JD2acKoxd4KVxbMmxX/85mtfdnDmTFoNKcg5DGAvxNQ==",
      "license": "Apache-2.0"
    },
    "node_modules/instantsearch-ui-components": {
      "version": "0.11.1",
      "resolved": "https://registry.npmjs.org/instantsearch-ui-components/-/instantsearch-ui-components-0.11.1.tgz",
      "integrity": "sha512-ZqUbJYYgObQ47J08ftXV1KNC1vdEoiD4/49qrkCdW46kRzLxLgYXJGuEuk48DQwK4aBtIoccgTyfbMGfcqNjxg==",
      "license": "MIT",
      "dependencies": {
        "@babel/runtime": "^7.1.2"
      }
    },
    "node_modules/instantsearch.css": {
      "version": "8.5.1",
      "resolved": "https://registry.npmjs.org/instantsearch.css/-/instantsearch.css-8.5.1.tgz",
      "integrity": "sha512-lu4gWSa2crIA1OAuFwtrNJy4d8oRvKmkY5gv8Dbf3tuedQMm6cf7K+1kXJKRAHLm4pZos9RXIH10m57UfDKbyg==",
      "license": "MIT"
    },
    "node_modules/instantsearch.js": {
      "version": "4.78.3",
      "resolved": "https://registry.npmjs.org/instantsearch.js/-/instantsearch.js-4.78.3.tgz",
      "integrity": "sha512-0i7vyX9jHEIKSfhu+CZHL/ySnbMAe7e98YUJiZX5D7AiXo2WvAPbnV/3CXIPR0whNWOXKGvlv7Ji7Pt4Yrn+Aw==",
      "license": "MIT",
      "dependencies": {
        "@algolia/events": "^4.0.1",
        "@types/dom-speech-recognition": "^0.0.1",
        "@types/google.maps": "^3.55.12",
        "@types/hogan.js": "^3.0.0",
        "@types/qs": "^6.5.3",
        "algoliasearch-helper": "3.25.0",
        "hogan.js": "^3.0.2",
        "htm": "^3.0.0",
        "instantsearch-ui-components": "0.11.1",
        "preact": "^10.10.0",
        "qs": "^6.5.1 < 6.10",
        "search-insights": "^2.17.2"
      },
      "peerDependencies": {
        "algoliasearch": ">= 3.1 < 6"
      }
    },
    "node_modules/meilisearch": {
      "version": "0.50.0",
      "resolved": "https://registry.npmjs.org/meilisearch/-/meilisearch-0.50.0.tgz",
      "integrity": "sha512-9IzIkobvnuS18Eg4dq/eJB9W+eXqeLZjNRgq/kKMswSmVYYSQsXqGgSuCA0JkF+o5RwJlwIsieQee6rh313VhA==",
      "license": "MIT"
    },
    "node_modules/mkdirp": {
      "version": "0.3.0",
      "resolved": "https://registry.npmjs.org/mkdirp/-/mkdirp-0.3.0.tgz",
      "integrity": "sha512-OHsdUcVAQ6pOtg5JYWpCBo9W/GySVuwvP9hueRMW7UqshC0tbfzLv8wjySTPm3tfUZ/21CE9E1pJagOA91Pxew==",
      "deprecated": "Legacy versions of mkdirp are no longer supported. Please update to mkdirp 1.x. (Note that the API surface has changed to use Promises in 1.x.)",
      "license": "MIT/X11",
      "engines": {
        "node": "*"
      }
    },
    "node_modules/nopt": {
      "version": "1.0.10",
      "resolved": "https://registry.npmjs.org/nopt/-/nopt-1.0.10.tgz",
      "integrity": "sha512-NWmpvLSqUrgrAC9HCuxEvb+PSloHpqVu+FqcO4eeF2h5qYRhA7ev6KvelyQAKtegUbC6RypJnlEOhd8vloNKYg==",
      "license": "MIT",
      "dependencies": {
        "abbrev": "1"
      },
      "bin": {
        "nopt": "bin/nopt.js"
      },
      "engines": {
        "node": "*"
      }
    },
    "node_modules/preact": {
      "version": "10.26.8",
      "resolved": "https://registry.npmjs.org/preact/-/preact-10.26.8.tgz",
      "integrity": "sha512-1nMfdFjucm5hKvq0IClqZwK4FJkGXhRrQstOQ3P4vp8HxKrJEMFcY6RdBRVTdfQS/UlnX6gfbPuTvaqx/bDoeQ==",
      "license": "MIT",
      "funding": {
        "type": "opencollective",
        "url": "https://opencollective.com/preact"
      }
    },
    "node_modules/qs": {
      "version": "6.9.7",
      "resolved": "https://registry.npmjs.org/qs/-/qs-6.9.7.tgz",
      "integrity": "sha512-IhMFgUmuNpyRfxA90umL7ByLlgRXu6tIfKPpF5TmcfRLlLCckfP/g3IQmju6jjpu+Hh8rA+2p6A27ZSPOOHdKw==",
      "license": "BSD-3-Clause",
      "engines": {
        "node": ">=0.6"
      },
      "funding": {
        "url": "https://github.com/sponsors/ljharb"
      }
    },
    "node_modules/react": {
      "version": "19.1.0",
      "resolved": "https://registry.npmjs.org/react/-/react-19.1.0.tgz",
      "integrity": "sha512-FS+XFBNvn3GTAWq26joslQgWNoFu08F4kl0J4CgdNKADkdSGXQyTCnKteIAJy96Br6YbpEU1LSzV5dYtjMkMDg==",
      "license": "MIT",
      "peer": true,
      "engines": {
        "node": ">=0.10.0"
      }
    },
    "node_modules/react-dom": {
      "version": "19.1.0",
      "resolved": "https://registry.npmjs.org/react-dom/-/react-dom-19.1.0.tgz",
      "integrity": "sha512-Xs1hdnE+DyKgeHJeJznQmYMIBG3TKIHJJT95Q58nHLSrElKlGQqDTR2HQ9fx5CN/Gk6Vh/kupBTDLU11/nDk/g==",
      "license": "MIT",
      "peer": true,
      "dependencies": {
        "scheduler": "^0.26.0"
      },
      "peerDependencies": {
        "react": "^19.1.0"
      }
    },
    "node_modules/react-instantsearch": {
      "version": "7.15.8",
      "resolved": "https://registry.npmjs.org/react-instantsearch/-/react-instantsearch-7.15.8.tgz",
      "integrity": "sha512-mQUQ32e60dLp/Cumw02OAmcEZox1QeaVrjf/YonEywtYQdJR/tUIuctP3g6yJcWxsRg5gmAWprGrpYMY0OQZFQ==",
      "license": "MIT",
      "dependencies": {
        "@babel/runtime": "^7.1.2",
        "instantsearch-ui-components": "0.11.1",
        "instantsearch.js": "4.78.3",
        "react-instantsearch-core": "7.15.8"
      },
      "peerDependencies": {
        "algoliasearch": ">= 3.1 < 6",
        "react": ">= 16.8.0 < 20",
        "react-dom": ">= 16.8.0 < 20"
      }
    },
    "node_modules/react-instantsearch-core": {
      "version": "7.15.8",
      "resolved": "https://registry.npmjs.org/react-instantsearch-core/-/react-instantsearch-core-7.15.8.tgz",
      "integrity": "sha512-A9AV5iurHw4QwRIraWMcBXJvFUm+lsKg8nPmvB+JVnM4nY9eJqthPiM9SOuTe1xIPvj3Gnn/nMBVxj0RB6h1IA==",
      "license": "MIT",
      "dependencies": {
        "@babel/runtime": "^7.1.2",
        "algoliasearch-helper": "3.25.0",
        "instantsearch.js": "4.78.3",
        "use-sync-external-store": "^1.0.0"
      },
      "peerDependencies": {
        "algoliasearch": ">= 3.1 < 6",
        "react": ">= 16.8.0 < 20"
      }
    },
    "node_modules/scheduler": {
      "version": "0.26.0",
      "resolved": "https://registry.npmjs.org/scheduler/-/scheduler-0.26.0.tgz",
      "integrity": "sha512-NlHwttCI/l5gCPR3D1nNXtWABUmBwvZpEQiD4IXSbIDq8BzLIK/7Ir5gTFSGZDUu37K5cMNp0hFtzO38sC7gWA==",
      "license": "MIT",
      "peer": true
    },
    "node_modules/search-insights": {
      "version": "2.17.3",
      "resolved": "https://registry.npmjs.org/search-insights/-/search-insights-2.17.3.tgz",
      "integrity": "sha512-RQPdCYTa8A68uM2jwxoY842xDhvx3E5LFL1LxvxCNMev4o5mLuokczhzjAgGwUZBAmOKZknArSxLKmXtIi2AxQ==",
      "license": "MIT"
    },
    "node_modules/use-sync-external-store": {
      "version": "1.5.0",
      "resolved": "https://registry.npmjs.org/use-sync-external-store/-/use-sync-external-store-1.5.0.tgz",
      "integrity": "sha512-Rb46I4cGGVBmjamjphe8L/UnvJD+uPPtTkNvX5mZgqdbavhI4EbgIWJiIHXJ8bc/i9EQGPRh4DwEURJ552Do0A==",
      "license": "MIT",
      "peerDependencies": {
        "react": "^16.8.0 || ^17.0.0 || ^18.0.0 || ^19.0.0"
      }
    }
  }
}
